
Microsoft Visual Studio Solution File, Format Version 12.00
# Visual Studio 15
VisualStudioVersion = 15.0.28307.421
MinimumVisualStudioVersion = 10.0.40219.1
Project("{9A19103F-16F7-4668-BE54-9A1E7A4F7556}") = "Student", "Student\Student.csproj", "{BB2AA8E7-7F37-4741-9159-B1C7511627CA}"
EndProject
Project("{9A19103F-16F7-4668-BE54-9A1E7A4F7556}") = "Exam", "Exam\Exam.csproj", "{64B9DF62-1D78-4E90-94C6-98E16B6DB9FB}"
EndProject
Project("{9A19103F-16F7-4668-BE54-9A1E7A4F7556}") = "JiaoWu", "JiaoWu\JiaoWu.csproj", "{C3F4EFC8-7DAB-4344-BD05-1DAE173EC1EC}"
EndProject
Project("{9A19103F-16F7-4668-BE54-9A1E7A4F7556}") = "System", "System\System.csproj", "{E7DAD3E0-D3DC-4BEA-962D-179DC7DBB601}"
EndProject
Project("{FAE04EC0-301F-11D3-BF4B-00C04F79EFBC}") = "Mo", "Mo\Mo.csproj", "{6BBFD5E6-F9C2-432E-9A30-9ED6CD0628FF}"
EndProject
Global
	GlobalSection(SolutionConfigurationPlatforms) = preSolution
		Debug|Any CPU = Debug|Any CPU
		Debug|ARM = Debug|ARM
		Debug|ARM64 = Debug|ARM64
		Debug|x64 = Debug|x64
		Debug|x86 = Debug|x86
		Release|Any CPU = Release|Any CPU
		Release|ARM = Release|ARM
		Release|ARM64 = Release|ARM64
		Release|x64 = Release|x64
		Release|x86 = Release|x86
	EndGlobalSection
	GlobalSection(ProjectConfigurationPlatforms) = postSolution
		{BB2AA8E7-7F37-4741-9159-B1C7511627CA}.Debug|Any CPU.ActiveCfg = Debug|Any CPU
		{BB2AA8E7-7F37-4741-9159-B1C7511627CA}.Debug|Any CPU.Build.0 = Debug|Any CPU
		{BB2AA8E7-7F37-4741-9159-B1C7511627CA}.Debug|ARM.ActiveCfg = Debug|Any CPU
		{BB2AA8E7-7F37-4741-9159-B1C7511627CA}.Debug|ARM.Build.0 = Debug|Any CPU
		{BB2AA8E7-7F37-4741-9159-B1C7511627CA}.Debug|ARM64.ActiveCfg = Debug|Any CPU
		{BB2AA8E7-7F37-4741-9159-B1C7511627CA}.Debug|ARM64.Build.0 = Debug|Any CPU
		{BB2AA8E7-7F37-4741-9159-B1C7511627CA}.Debug|x64.ActiveCfg = Debug|Any CPU
		{BB2AA8E7-7F37-4741-9159-B1C7511627CA}.Debug|x64.Build.0 = Debug|Any CPU
		{BB2AA8E7-7F37-4741-9159-B1C7511627CA}.Debug|x86.ActiveCfg = Debug|Any CPU
		{BB2AA8E7-7F37-4741-9159-B1C7511627CA}.Debug|x86.Build.0 = Debug|Any CPU
		{BB2AA8E7-7F37-4741-9159-B1C7511627CA}.Release|Any CPU.ActiveCfg = Release|Any CPU
		{BB2AA8E7-7F37-4741-9159-B1C7511627CA}.Release|Any CPU.Build.0 = Release|Any CPU
		{BB2AA8E7-7F37-4741-9159-B1C7511627CA}.Release|ARM.ActiveCfg = Release|Any CPU
		{BB2AA8E7-7F37-4741-9159-B1C7511627CA}.Release|ARM.Build.0 = Release|Any CPU
		{BB2AA8E7-7F37-4741-9159-B1C7511627CA}.Release|ARM64.ActiveCfg = Release|Any CPU
		{BB2AA8E7-7F37-4741-9159-B1C7511627CA}.Release|ARM64.Build.0 = Release|Any CPU
		{BB2AA8E7-7F37-4741-9159-B1C7511627CA}.Release|x64.ActiveCfg = Release|Any CPU
		{BB2AA8E7-7F37-4741-9159-B1C7511627CA}.Release|x64.Build.0 = Release|Any CPU
		{BB2AA8E7-7F37-4741-9159-B1C7511627CA}.Release|x86.ActiveCfg = Release|Any CPU
		{BB2AA8E7-7F37-4741-9159-B1C7511627CA}.Release|x86.Build.0 = Release|Any CPU
		{64B9DF62-1D78-4E90-94C6-98E16B6DB9FB}.Debug|Any CPU.ActiveCfg = Debug|Any CPU
		{64B9DF62-1D78-4E90-94C6-98E16B6DB9FB}.Debug|Any CPU.Build.0 = Debug|Any CPU
		{64B9DF62-1D78-4E90-94C6-98E16B6DB9FB}.Debug|ARM.ActiveCfg = Debug|Any CPU
		{64B9DF62-1D78-4E90-94C6-98E16B6DB9FB}.Debug|ARM.Build.0 = Debug|Any CPU
		{64B9DF62-1D78-4E90-94C6-98E16B6DB9FB}.Debug|ARM64.ActiveCfg = Debug|Any CPU
		{64B9DF62-1D78-4E90-94C6-98E16B6DB9FB}.Debug|ARM64.Build.0 = Debug|Any CPU
		{64B9DF62-1D78-4E90-94C6-98E16B6DB9FB}.Debug|x64.ActiveCfg = Debug|Any CPU
		{64B9DF62-1D78-4E90-94C6-98E16B6DB9FB}.Debug|x64.Build.0 = Debug|Any CPU
		{64B9DF62-1D78-4E90-94C6-98E16B6DB9FB}.Debug|x86.ActiveCfg = Debug|Any CPU
		{64B9DF62-1D78-4E90-94C6-98E16B6DB9FB}.Debug|x86.Build.0 = Debug|Any CPU
		{64B9DF62-1D78-4E90-94C6-98E16B6DB9FB}.Release|Any CPU.ActiveCfg = Release|Any CPU
		{64B9DF62-1D78-4E90-94C6-98E16B6DB9FB}.Release|Any CPU.Build.0 = Release|Any CPU
		{64B9DF62-1D78-4E90-94C6-98E16B6DB9FB}.Release|ARM.ActiveCfg = Release|Any CPU
		{64B9DF62-1D78-4E90-94C6-98E16B6DB9FB}.Release|ARM.Build.0 = Release|Any CPU
		{64B9DF62-1D78-4E90-94C6-98E16B6DB9FB}.Release|ARM64.ActiveCfg = Release|Any CPU
		{64B9DF62-1D78-4E90-94C6-98E16B6DB9FB}.Release|ARM64.Build.0 = Release|Any CPU
		{64B9DF62-1D78-4E90-94C6-98E16B6DB9FB}.Release|x64.ActiveCfg = Release|Any CPU
		{64B9DF62-1D78-4E90-94C6-98E16B6DB9FB}.Release|x64.Build.0 = Release|Any CPU
		{64B9DF62-1D78-4E90-94C6-98E16B6DB9FB}.Release|x86.ActiveCfg = Release|Any CPU
		{64B9DF62-1D78-4E90-94C6-98E16B6DB9FB}.Release|x86.Build.0 = Release|Any CPU
		{C3F4EFC8-7DAB-4344-BD05-1DAE173EC1EC}.Debug|Any CPU.ActiveCfg = Debug|Any CPU
		{C3F4EFC8-7DAB-4344-BD05-1DAE173EC1EC}.Debug|Any CPU.Build.0 = Debug|Any CPU
		{C3F4EFC8-7DAB-4344-BD05-1DAE173EC1EC}.Debug|ARM.ActiveCfg = Debug|Any CPU
		{C3F4EFC8-7DAB-4344-BD05-1DAE173EC1EC}.Debug|ARM.Build.0 = Debug|Any CPU
		{C3F4EFC8-7DAB-4344-BD05-1DAE173EC1EC}.Debug|ARM64.ActiveCfg = Debug|Any CPU
		{C3F4EFC8-7DAB-4344-BD05-1DAE173EC1EC}.Debug|ARM64.Build.0 = Debug|Any CPU
		{C3F4EFC8-7DAB-4344-BD05-1DAE173EC1EC}.Debug|x64.ActiveCfg = Debug|Any CPU
		{C3F4EFC8-7DAB-4344-BD05-1DAE173EC1EC}.Debug|x64.Build.0 = Debug|Any CPU
		{C3F4EFC8-7DAB-4344-BD05-1DAE173EC1EC}.Debug|x86.ActiveCfg = Debug|Any CPU
		{C3F4EFC8-7DAB-4344-BD05-1DAE173EC1EC}.Debug|x86.Build.0 = Debug|Any CPU
		{C3F4EFC8-7DAB-4344-BD05-1DAE173EC1EC}.Release|Any CPU.ActiveCfg = Release|Any CPU
		{C3F4EFC8-7DAB-4344-BD05-1DAE173EC1EC}.Release|Any CPU.Build.0 = Release|Any CPU
		{C3F4EFC8-7DAB-4344-BD05-1DAE173EC1EC}.Release|ARM.ActiveCfg = Release|Any CPU
		{C3F4EFC8-7DAB-4344-BD05-1DAE173EC1EC}.Release|ARM.Build.0 = Release|Any CPU
		{C3F4EFC8-7DAB-4344-BD05-1DAE173EC1EC}.Release|ARM64.ActiveCfg = Release|Any CPU
		{C3F4EFC8-7DAB-4344-BD05-1DAE173EC1EC}.Release|ARM64.Build.0 = Release|Any CPU
		{C3F4EFC8-7DAB-4344-BD05-1DAE173EC1EC}.Release|x64.ActiveCfg = Release|Any CPU
		{C3F4EFC8-7DAB-4344-BD05-1DAE173EC1EC}.Release|x64.Build.0 = Release|Any CPU
		{C3F4EFC8-7DAB-4344-BD05-1DAE173EC1EC}.Release|x86.ActiveCfg = Release|Any CPU
		{C3F4EFC8-7DAB-4344-BD05-1DAE173EC1EC}.Release|x86.Build.0 = Release|Any CPU
		{E7DAD3E0-D3DC-4BEA-962D-179DC7DBB601}.Debug|Any CPU.ActiveCfg = Debug|Any CPU
		{E7DAD3E0-D3DC-4BEA-962D-179DC7DBB601}.Debug|Any CPU.Build.0 = Debug|Any CPU
		{E7DAD3E0-D3DC-4BEA-962D-179DC7DBB601}.Debug|ARM.ActiveCfg = Debug|Any CPU
		{E7DAD3E0-D3DC-4BEA-962D-179DC7DBB601}.Debug|ARM.Build.0 = Debug|Any CPU
		{E7DAD3E0-D3DC-4BEA-962D-179DC7DBB601}.Debug|ARM64.ActiveCfg = Debug|Any CPU
		{E7DAD3E0-D3DC-4BEA-962D-179DC7DBB601}.Debug|ARM64.Build.0 = Debug|Any CPU
		{E7DAD3E0-D3DC-4BEA-962D-179DC7DBB601}.Debug|x64.ActiveCfg = Debug|Any CPU
		{E7DAD3E0-D3DC-4BEA-962D-179DC7DBB601}.Debug|x64.Build.0 = Debug|Any CPU
		{E7DAD3E0-D3DC-4BEA-962D-179DC7DBB601}.Debug|x86.ActiveCfg = Debug|Any CPU
		{E7DAD3E0-D3DC-4BEA-962D-179DC7DBB601}.Debug|x86.Build.0 = Debug|Any CPU
		{E7DAD3E0-D3DC-4BEA-962D-179DC7DBB601}.Release|Any CPU.ActiveCfg = Release|Any CPU
		{E7DAD3E0-D3DC-4BEA-962D-179DC7DBB601}.Release|Any CPU.Build.0 = Release|Any CPU
		{E7DAD3E0-D3DC-4BEA-962D-179DC7DBB601}.Release|ARM.ActiveCfg = Release|Any CPU
		{E7DAD3E0-D3DC-4BEA-962D-179DC7DBB601}.Release|ARM.Build.0 = Release|Any CPU
		{E7DAD3E0-D3DC-4BEA-962D-179DC7DBB601}.Release|ARM64.ActiveCfg = Release|Any CPU
		{E7DAD3E0-D3DC-4BEA-962D-179DC7DBB601}.Release|ARM64.Build.0 = Release|Any CPU
		{E7DAD3E0-D3DC-4BEA-962D-179DC7DBB601}.Release|x64.ActiveCfg = Release|Any CPU
		{E7DAD3E0-D3DC-4BEA-962D-179DC7DBB601}.Release|x64.Build.0 = Release|Any CPU
		{E7DAD3E0-D3DC-4BEA-962D-179DC7DBB601}.Release|x86.ActiveCfg = Release|Any CPU
		{E7DAD3E0-D3DC-4BEA-962D-179DC7DBB601}.Release|x86.Build.0 = Release|Any CPU
		{6BBFD5E6-F9C2-432E-9A30-9ED6CD0628FF}.Debug|Any CPU.ActiveCfg = Debug|Any CPU
		{6BBFD5E6-F9C2-432E-9A30-9ED6CD0628FF}.Debug|Any CPU.Build.0 = Debug|Any CPU
		{6BBFD5E6-F9C2-432E-9A30-9ED6CD0628FF}.Debug|ARM.ActiveCfg = Debug|Any CPU
		{6BBFD5E6-F9C2-432E-9A30-9ED6CD0628FF}.Debug|ARM.Build.0 = Debug|Any CPU
		{6BBFD5E6-F9C2-432E-9A30-9ED6CD0628FF}.Debug|ARM64.ActiveCfg = Debug|Any CPU
		{6BBFD5E6-F9C2-432E-9A30-9ED6CD0628FF}.Debug|ARM64.Build.0 = Debug|Any CPU
		{6BBFD5E6-F9C2-432E-9A30-9ED6CD0628FF}.Debug|x64.ActiveCfg = Debug|Any CPU
		{6BBFD5E6-F9C2-432E-9A30-9ED6CD0628FF}.Debug|x64.Build.0 = Debug|Any CPU
		{6BBFD5E6-F9C2-432E-9A30-9ED6CD0628FF}.Debug|x86.ActiveCfg = Debug|Any CPU
		{6BBFD5E6-F9C2-432E-9A30-9ED6CD0628FF}.Debug|x86.Build.0 = Debug|Any CPU
		{6BBFD5E6-F9C2-432E-9A30-9ED6CD0628FF}.Release|Any CPU.ActiveCfg = Release|Any CPU
		{6BBFD5E6-F9C2-432E-9A30-9ED6CD0628FF}.Release|Any CPU.Build.0 = Release|Any CPU
		{6BBFD5E6-F9C2-432E-9A30-9ED6CD0628FF}.Release|ARM.ActiveCfg = Release|Any CPU
		{6BBFD5E6-F9C2-432E-9A30-9ED6CD0628FF}.Release|ARM.Build.0 = Release|Any CPU
		{6BBFD5E6-F9C2-432E-9A30-9ED6CD0628FF}.Release|ARM64.ActiveCfg = Release|Any CPU
		{6BBFD5E6-F9C2-432E-9A30-9ED6CD0628FF}.Release|ARM64.Build.0 = Release|Any CPU
		{6BBFD5E6-F9C2-432E-9A30-9ED6CD0628FF}.Release|x64.ActiveCfg = Release|Any CPU
		{6BBFD5E6-F9C2-432E-9A30-9ED6CD0628FF}.Release|x64.Build.0 = Release|Any CPU
		{6BBFD5E6-F9C2-432E-9A30-9ED6CD0628FF}.Release|x86.ActiveCfg = Release|Any CPU
		{6BBFD5E6-F9C2-432E-9A30-9ED6CD0628FF}.Release|x86.Build.0 = Release|Any CPU
	EndGlobalSection
	GlobalSection(SolutionProperties) = preSolution
		HideSolutionNode = FALSE
	EndGlobalSection
	GlobalSection(ExtensibilityGlobals) = postSolution
		SolutionGuid = {148645D6-ABDA-492A-BC1F-5DBA84C8FDB2}
	EndGlobalSection
EndGlobal
